
Microsoft Visual Studio Solution File, Format Version 12.00
# Visual Studio Version 17
VisualStudioVersion = 17.7.34221.43
MinimumVisualStudioVersion = 10.0.40219.1
Project("{9A19103F-16F7-4668-BE54-9A1E7A4F7556}") = "Fruit Basket", "FinalProject\Fruit Basket.csproj", "{98A91E98-6CC4-43D4-9AD8-F2BB1BFB4FA6}"
EndProject
Global
	GlobalSection(SolutionConfigurationPlatforms) = preSolution
		Debug|Any CPU = Debug|Any CPU
		Release|Any CPU = Release|Any CPU
	EndGlobalSection
	GlobalSection(ProjectConfigurationPlatforms) = postSolution
		{98A91E98-6CC4-43D4-9AD8-F2BB1BFB4FA6}.Debug|Any CPU.ActiveCfg = Debug|Any CPU
		{98A91E98-6CC4-43D4-9AD8-F2BB1BFB4FA6}.Debug|Any CPU.Build.0 = Debug|Any CPU
		{98A91E98-6CC4-43D4-9AD8-F2BB1BFB4FA6}.Release|Any CPU.ActiveCfg = Release|Any CPU
		{98A91E98-6CC4-43D4-9AD8-F2BB1BFB4FA6}.Release|Any CPU.Build.0 = Release|Any CPU
	EndGlobalSection
	GlobalSection(SolutionProperties) = preSolution
		HideSolutionNode = FALSE
	EndGlobalSection
	GlobalSection(ExtensibilityGlobals) = postSolution
		SolutionGuid = {B36F2424-4482-4C41-BA92-1021CF350A34}
	EndGlobalSection
EndGlobal
